
Microsoft Visual Studio Solution File, Format Version 12.00
# Visual Studio Version 16
VisualStudioVersion = 16.0.29209.62
MinimumVisualStudioVersion = 10.0.40219.1
Project("{FAE04EC0-301F-11D3-BF4B-00C04F79EFBC}") = "EasyReminder.Android", "EasyReminder\EasyReminder.Android\EasyReminder.Android.csproj", "{5AF62CDC-FE4A-4059-9DC3-184D29E4E643}"
EndProject
Project("{FAE04EC0-301F-11D3-BF4B-00C04F79EFBC}") = "EasyReminder.iOS", "EasyReminder\EasyReminder.iOS\EasyReminder.iOS.csproj", "{18C8DE69-8F9C-420C-8B39-BC658015D423}"
EndProject
Project("{FAE04EC0-301F-11D3-BF4B-00C04F79EFBC}") = "EasyReminder", "EasyReminder\EasyReminder\EasyReminder.csproj", "{B520802C-29F5-4861-BB52-2549220FCCA3}"
EndProject
Global
	GlobalSection(SolutionConfigurationPlatforms) = preSolution
		Debug|Any CPU = Debug|Any CPU
		Debug|iPhone = Debug|iPhone
		Debug|iPhoneSimulator = Debug|iPhoneSimulator
		Release|Any CPU = Release|Any CPU
		Release|iPhone = Release|iPhone
		Release|iPhoneSimulator = Release|iPhoneSimulator
	EndGlobalSection
	GlobalSection(ProjectConfigurationPlatforms) = postSolution
		{5AF62CDC-FE4A-4059-9DC3-184D29E4E643}.Debug|Any CPU.ActiveCfg = Debug|Any CPU
		{5AF62CDC-FE4A-4059-9DC3-184D29E4E643}.Debug|Any CPU.Build.0 = Debug|Any CPU
		{5AF62CDC-FE4A-4059-9DC3-184D29E4E643}.Debug|Any CPU.Deploy.0 = Debug|Any CPU
		{5AF62CDC-FE4A-4059-9DC3-184D29E4E643}.Debug|iPhone.ActiveCfg = Debug|Any CPU
		{5AF62CDC-FE4A-4059-9DC3-184D29E4E643}.Debug|iPhone.Build.0 = Debug|Any CPU
		{5AF62CDC-FE4A-4059-9DC3-184D29E4E643}.Debug|iPhone.Deploy.0 = Debug|Any CPU
		{5AF62CDC-FE4A-4059-9DC3-184D29E4E643}.Debug|iPhoneSimulator.ActiveCfg = Debug|Any CPU
		{5AF62CDC-FE4A-4059-9DC3-184D29E4E643}.Debug|iPhoneSimulator.Build.0 = Debug|Any CPU
		{5AF62CDC-FE4A-4059-9DC3-184D29E4E643}.Debug|iPhoneSimulator.Deploy.0 = Debug|Any CPU
		{5AF62CDC-FE4A-4059-9DC3-184D29E4E643}.Release|Any CPU.ActiveCfg = Release|Any CPU
		{5AF62CDC-FE4A-4059-9DC3-184D29E4E643}.Release|Any CPU.Build.0 = Release|Any CPU
		{5AF62CDC-FE4A-4059-9DC3-184D29E4E643}.Release|Any CPU.Deploy.0 = Release|Any CPU
		{5AF62CDC-FE4A-4059-9DC3-184D29E4E643}.Release|iPhone.ActiveCfg = Release|Any CPU
		{5AF62CDC-FE4A-4059-9DC3-184D29E4E643}.Release|iPhone.Build.0 = Release|Any CPU
		{5AF62CDC-FE4A-4059-9DC3-184D29E4E643}.Release|iPhone.Deploy.0 = Release|Any CPU
		{5AF62CDC-FE4A-4059-9DC3-184D29E4E643}.Release|iPhoneSimulator.ActiveCfg = Release|Any CPU
		{5AF62CDC-FE4A-4059-9DC3-184D29E4E643}.Release|iPhoneSimulator.Build.0 = Release|Any CPU
		{5AF62CDC-FE4A-4059-9DC3-184D29E4E643}.Release|iPhoneSimulator.Deploy.0 = Release|Any CPU
		{18C8DE69-8F9C-420C-8B39-BC658015D423}.Debug|Any CPU.ActiveCfg = Debug|iPhoneSimulator
		{18C8DE69-8F9C-420C-8B39-BC658015D423}.Debug|Any CPU.Build.0 = Debug|iPhoneSimulator
		{18C8DE69-8F9C-420C-8B39-BC658015D423}.Debug|Any CPU.Deploy.0 = Debug|iPhoneSimulator
		{18C8DE69-8F9C-420C-8B39-BC658015D423}.Debug|iPhone.ActiveCfg = Debug|iPhone
		{18C8DE69-8F9C-420C-8B39-BC658015D423}.Debug|iPhone.Build.0 = Debug|iPhone
		{18C8DE69-8F9C-420C-8B39-BC658015D423}.Debug|iPhone.Deploy.0 = Debug|iPhone
		{18C8DE69-8F9C-420C-8B39-BC658015D423}.Debug|iPhoneSimulator.ActiveCfg = Debug|iPhoneSimulator
		{18C8DE69-8F9C-420C-8B39-BC658015D423}.Debug|iPhoneSimulator.Build.0 = Debug|iPhoneSimulator
		{18C8DE69-8F9C-420C-8B39-BC658015D423}.Debug|iPhoneSimulator.Deploy.0 = Debug|iPhoneSimulator
		{18C8DE69-8F9C-420C-8B39-BC658015D423}.Release|Any CPU.ActiveCfg = Release|iPhone
		{18C8DE69-8F9C-420C-8B39-BC658015D423}.Release|Any CPU.Build.0 = Release|iPhone
		{18C8DE69-8F9C-420C-8B39-BC658015D423}.Release|Any CPU.Deploy.0 = Release|iPhone
		{18C8DE69-8F9C-420C-8B39-BC658015D423}.Release|iPhone.ActiveCfg = Release|iPhone
		{18C8DE69-8F9C-420C-8B39-BC658015D423}.Release|iPhone.Build.0 = Release|iPhone
		{18C8DE69-8F9C-420C-8B39-BC658015D423}.Release|iPhone.Deploy.0 = Release|iPhone
		{18C8DE69-8F9C-420C-8B39-BC658015D423}.Release|iPhoneSimulator.ActiveCfg = Release|iPhoneSimulator
		{18C8DE69-8F9C-420C-8B39-BC658015D423}.Release|iPhoneSimulator.Build.0 = Release|iPhoneSimulator
		{18C8DE69-8F9C-420C-8B39-BC658015D423}.Release|iPhoneSimulator.Deploy.0 = Release|iPhoneSimulator
		{B520802C-29F5-4861-BB52-2549220FCCA3}.Debug|Any CPU.ActiveCfg = Debug|Any CPU
		{B520802C-29F5-4861-BB52-2549220FCCA3}.Debug|Any CPU.Build.0 = Debug|Any CPU
		{B520802C-29F5-4861-BB52-2549220FCCA3}.Debug|Any CPU.Deploy.0 = Debug|Any CPU
		{B520802C-29F5-4861-BB52-2549220FCCA3}.Debug|iPhone.ActiveCfg = Debug|Any CPU
		{B520802C-29F5-4861-BB52-2549220FCCA3}.Debug|iPhone.Build.0 = Debug|Any CPU
		{B520802C-29F5-4861-BB52-2549220FCCA3}.Debug|iPhone.Deploy.0 = Debug|Any CPU
		{B520802C-29F5-4861-BB52-2549220FCCA3}.Debug|iPhoneSimulator.ActiveCfg = Debug|Any CPU
		{B520802C-29F5-4861-BB52-2549220FCCA3}.Debug|iPhoneSimulator.Build.0 = Debug|Any CPU
		{B520802C-29F5-4861-BB52-2549220FCCA3}.Debug|iPhoneSimulator.Deploy.0 = Debug|Any CPU
		{B520802C-29F5-4861-BB52-2549220FCCA3}.Release|Any CPU.ActiveCfg = Release|Any CPU
		{B520802C-29F5-4861-BB52-2549220FCCA3}.Release|Any CPU.Build.0 = Release|Any CPU
		{B520802C-29F5-4861-BB52-2549220FCCA3}.Release|Any CPU.Deploy.0 = Release|Any CPU
		{B520802C-29F5-4861-BB52-2549220FCCA3}.Release|iPhone.ActiveCfg = Release|Any CPU
		{B520802C-29F5-4861-BB52-2549220FCCA3}.Release|iPhone.Build.0 = Release|Any CPU
		{B520802C-29F5-4861-BB52-2549220FCCA3}.Release|iPhone.Deploy.0 = Release|Any CPU
		{B520802C-29F5-4861-BB52-2549220FCCA3}.Release|iPhoneSimulator.ActiveCfg = Release|Any CPU
		{B520802C-29F5-4861-BB52-2549220FCCA3}.Release|iPhoneSimulator.Build.0 = Release|Any CPU
		{B520802C-29F5-4861-BB52-2549220FCCA3}.Release|iPhoneSimulator.Deploy.0 = Release|Any CPU
	EndGlobalSection
	GlobalSection(SolutionProperties) = preSolution
		HideSolutionNode = FALSE
	EndGlobalSection
	GlobalSection(ExtensibilityGlobals) = postSolution
		SolutionGuid = {43BCD3E4-A657-473F-A78A-D1531F186978}
	EndGlobalSection
EndGlobal
